
Microsoft Visual Studio Solution File, Format Version 12.00
# Visual Studio Version 17
VisualStudioVersion = 17.13.35825.156 d17.13
MinimumVisualStudioVersion = 10.0.40219.1
Project("{FAE04EC0-301F-11D3-BF4B-00C04F79EFBC}") = "ProjectCSharp", "ProjectCSharp\ProjectCSharp.csproj", "{63695095-D6F5-4D84-8669-2D7E87FD3022}"
EndProject
Global
	GlobalSection(SolutionConfigurationPlatforms) = preSolution
		Debug|Any CPU = Debug|Any CPU
		Release|Any CPU = Release|Any CPU
	EndGlobalSection
	GlobalSection(ProjectConfigurationPlatforms) = postSolution
		{63695095-D6F5-4D84-8669-2D7E87FD3022}.Debug|Any CPU.ActiveCfg = Debug|Any CPU
		{63695095-D6F5-4D84-8669-2D7E87FD3022}.Debug|Any CPU.Build.0 = Debug|Any CPU
		{63695095-D6F5-4D84-8669-2D7E87FD3022}.Release|Any CPU.ActiveCfg = Release|Any CPU
		{63695095-D6F5-4D84-8669-2D7E87FD3022}.Release|Any CPU.Build.0 = Release|Any CPU
	EndGlobalSection
	GlobalSection(SolutionProperties) = preSolution
		HideSolutionNode = FALSE
	EndGlobalSection
	GlobalSection(ExtensibilityGlobals) = postSolution
		SolutionGuid = {3A9C4324-2D3F-419A-A17C-880F854C4B83}
	EndGlobalSection
EndGlobal
