
Microsoft Visual Studio Solution File, Format Version 12.00
# Visual Studio Version 17
VisualStudioVersion = 17.13.35828.75
MinimumVisualStudioVersion = 10.0.40219.1
Project("{FAE04EC0-301F-11D3-BF4B-00C04F79EFBC}") = "ProjectCSharp", "ProjectCSharp\ProjectCSharp.csproj", "{356C8CF4-2A66-416D-8BDE-80A70C9F9CA4}"
EndProject
Global
	GlobalSection(SolutionConfigurationPlatforms) = preSolution
		Debug|Any CPU = Debug|Any CPU
		Release|Any CPU = Release|Any CPU
	EndGlobalSection
	GlobalSection(ProjectConfigurationPlatforms) = postSolution
		{356C8CF4-2A66-416D-8BDE-80A70C9F9CA4}.Debug|Any CPU.ActiveCfg = Debug|Any CPU
		{356C8CF4-2A66-416D-8BDE-80A70C9F9CA4}.Debug|Any CPU.Build.0 = Debug|Any CPU
		{356C8CF4-2A66-416D-8BDE-80A70C9F9CA4}.Release|Any CPU.ActiveCfg = Release|Any CPU
		{356C8CF4-2A66-416D-8BDE-80A70C9F9CA4}.Release|Any CPU.Build.0 = Release|Any CPU
	EndGlobalSection
	GlobalSection(SolutionProperties) = preSolution
		HideSolutionNode = FALSE
	EndGlobalSection
	GlobalSection(ExtensibilityGlobals) = postSolution
		SolutionGuid = {05DF5F4B-2137-4E6B-B4CD-A1442D3348E5}
	EndGlobalSection
EndGlobal
